// !$*UTF8*$!
{
	archiveVersion = 1;
	classes = {
	};
	objectVersion = 48;
	objects = {

/* Begin PBXBuildFile section */
		D6C208DA1FCFB56200B826AC /* AppDelegate.swift in Sources */ = {isa = PBXBuildFile; fileRef = D6C208D91FCFB56200B826AC /* AppDelegate.swift */; };
		D6C208DC1FCFB56200B826AC /* ViewController.swift in Sources */ = {isa = PBXBuildFile; fileRef = D6C208DB1FCFB56200B826AC /* ViewController.swift */; };
		D6C208DF1FCFB56200B826AC /* Main.storyboard in Resources */ = {isa = PBXBuildFile; fileRef = D6C208DD1FCFB56200B826AC /* Main.storyboard */; };
		D6C208E11FCFB56300B826AC /* Assets.xcassets in Resources */ = {isa = PBXBuildFile; fileRef = D6C208E01FCFB56300B826AC /* Assets.xcassets */; };
		D6C208E41FCFB56300B826AC /* LaunchScreen.storyboard in Resources */ = {isa = PBXBuildFile; fileRef = D6C208E21FCFB56300B826AC /* LaunchScreen.storyboard */; };
		D6C208EF1FCFB56300B826AC /* SwiftTKJFTests.swift in Sources */ = {isa = PBXBuildFile; fileRef = D6C208EE1FCFB56300B826AC /* SwiftTKJFTests.swift */; };
		D6C208FA1FCFB56300B826AC /* SwiftTKJFUITests.swift in Sources */ = {isa = PBXBuildFile; fileRef = D6C208F91FCFB56300B826AC /* SwiftTKJFUITests.swift */; };
/* End PBXBuildFile section */

/* Begin PBXContainerItemProxy section */
		D6C208EB1FCFB56300B826AC /* PBXContainerItemProxy */ = {
			isa = PBXContainerItemProxy;
			containerPortal = D6C208CE1FCFB56200B826AC /* Project object */;
			proxyType = 1;
			remoteGlobalIDString = D6C208D51FCFB56200B826AC;
			remoteInfo = SwiftTKJF;
		};
		D6C208F61FCFB56300B826AC /* PBXContainerItemProxy */ = {
			isa = PBXContainerItemProxy;
			containerPortal = D6C208CE1FCFB56200B826AC /* Project object */;
			proxyType = 1;
			remoteGlobalIDString = D6C208D51FCFB56200B826AC;
			remoteInfo = SwiftTKJF;
		};
/* End PBXContainerItemProxy section */

/* Begin PBXFileReference section */
		D6C208D61FCFB56200B826AC /* SwiftTKJF.app */ = {isa = PBXFileReference; explicitFileType = wrapper.application; includeInIndex = 0; path = SwiftTKJF.app; sourceTree = BUILT_PRODUCTS_DIR; };
		D6C208D91FCFB56200B826AC /* AppDelegate.swift */ = {isa = PBXFileReference; lastKnownFileType = sourcecode.swift; path = AppDelegate.swift; sourceTree = "<group>"; };
		D6C208DB1FCFB56200B826AC /* ViewController.swift */ = {isa = PBXFileReference; lastKnownFileType = sourcecode.swift; path = ViewController.swift; sourceTree = "<group>"; };
		D6C208DE1FCFB56200B826AC /* Base */ = {isa = PBXFileReference; lastKnownFileType = file.storyboard; name = Base; path = Base.lproj/Main.storyboard; sourceTree = "<group>"; };
		D6C208E01FCFB56300B826AC /* Assets.xcassets */ = {isa = PBXFileReference; lastKnownFileType = folder.assetcatalog; path = Assets.xcassets; sourceTree = "<group>"; };
		D6C208E31FCFB56300B826AC /* Base */ = {isa = PBXFileReference; lastKnownFileType = file.storyboard; name = Base; path = Base.lproj/LaunchScreen.storyboard; sourceTree = "<group>"; };
		D6C208E51FCFB56300B826AC /* Info.plist */ = {isa = PBXFileReference; lastKnownFileType = text.plist.xml; path = Info.plist; sourceTree = "<group>"; };
		D6C208EA1FCFB56300B826AC /* SwiftTKJFTests.xctest */ = {isa = PBXFileReference; explicitFileType = wrapper.cfbundle; includeInIndex = 0; path = SwiftTKJFTests.xctest; sourceTree = BUILT_PRODUCTS_DIR; };
		D6C208EE1FCFB56300B826AC /* SwiftTKJFTests.swift */ = {isa = PBXFileReference; lastKnownFileType = sourcecode.swift; path = SwiftTKJFTests.swift; sourceTree = "<group>"; };
		D6C208F01FCFB56300B826AC /* Info.plist */ = {isa = PBXFileReference; lastKnownFileType = text.plist.xml; path = Info.plist; sourceTree = "<group>"; };
		D6C208F51FCFB56300B826AC /* SwiftTKJFUITests.xctest */ = {isa = PBXFileReference; explicitFileType = wrapper.cfbundle; includeInIndex = 0; path = SwiftTKJFUITests.xctest; sourceTree = BUILT_PRODUCTS_DIR; };
		D6C208F91FCFB56300B826AC /* SwiftTKJFUITests.swift */ = {isa = PBXFileReference; lastKnownFileType = sourcecode.swift; path = SwiftTKJFUITests.swift; sourceTree = "<group>"; };
		D6C208FB1FCFB56300B826AC /* Info.plist */ = {isa = PBXFileReference; lastKnownFileType = text.plist.xml; path = Info.plist; sourceTree = "<group>"; };
/* End PBXFileReference section */

/* Begin PBXFrameworksBuildPhase section */
		D6C208D31FCFB56200B826AC /* Frameworks */ = {
			isa = PBXFrameworksBuildPhase;
			buildActionMask = 2147483647;
			files = (
			);
			runOnlyForDeploymentPostprocessing = 0;
		};
		D6C208E71FCFB56300B826AC /* Frameworks */ = {
			isa = PBXFrameworksBuildPhase;
			buildActionMask = 2147483647;
			files = (
			);
			runOnlyForDeploymentPostprocessing = 0;
		};
		D6C208F21FCFB56300B826AC /* Frameworks */ = {
			isa = PBXFrameworksBuildPhase;
			buildActionMask = 2147483647;
			files = (
			);
			runOnlyForDeploymentPostprocessing = 0;
		};
/* End PBXFrameworksBuildPhase section */

/* Begin PBXGroup section */
		D6C208CD1FCFB56200B826AC = {
			isa = PBXGroup;
			children = (
				D6C208D81FCFB56200B826AC /* SwiftTKJF */,
				D6C208ED1FCFB56300B826AC /* SwiftTKJFTests */,
				D6C208F81FCFB56300B826AC /* SwiftTKJFUITests */,
				D6C208D71FCFB56200B826AC /* Products */,
			);
			sourceTree = "<group>";
		};
		D6C208D71FCFB56200B826AC /* Products */ = {
			isa = PBXGroup;
			children = (
				D6C208D61FCFB56200B826AC /* SwiftTKJF.app */,
				D6C208EA1FCFB56300B826AC /* SwiftTKJFTests.xctest */,
				D6C208F51FCFB56300B826AC /* SwiftTKJFUITests.xctest */,
			);
			name = Products;
			sourceTree = "<group>";
		};
		D6C208D81FCFB56200B826AC /* SwiftTKJF */ = {
			isa = PBXGroup;
			children = (
				D6C208D91FCFB56200B826AC /* AppDelegate.swift */,
				D6C208DB1FCFB56200B826AC /* ViewController.swift */,
				D6C208DD1FCFB56200B826AC /* Main.storyboard */,
				D6C208E01FCFB56300B826AC /* Assets.xcassets */,
				D6C208E21FCFB56300B826AC /* LaunchScreen.storyboard */,
				D6C208E51FCFB56300B826AC /* Info.plist */,
			);
			path = SwiftTKJF;
			sourceTree = "<group>";
		};
		D6C208ED1FCFB56300B826AC /* SwiftTKJFTests */ = {
			isa = PBXGroup;
			children = (
				D6C208EE1FCFB56300B826AC /* SwiftTKJFTests.swift */,
				D6C208F01FCFB56300B826AC /* Info.plist */,
			);
			path = SwiftTKJFTests;
			sourceTree = "<group>";
		};
		D6C208F81FCFB56300B826AC /* SwiftTKJFUITests */ = {
			isa = PBXGroup;
			children = (
				D6C208F91FCFB56300B826AC /* SwiftTKJFUITests.swift */,
				D6C208FB1FCFB56300B826AC /* Info.plist */,
			);
			path = SwiftTKJFUITests;
			sourceTree = "<group>";
		};
/* End PBXGroup section */

/* Begin PBXNativeTarget section */
		D6C208D51FCFB56200B826AC /* SwiftTKJF */ = {
			isa = PBXNativeTarget;
			buildConfigurationList = D6C208FE1FCFB56300B826AC /* Build configuration list for PBXNativeTarget "SwiftTKJF" */;
			buildPhases = (
				D6C208D21FCFB56200B826AC /* Sources */,
				D6C208D31FCFB56200B826AC /* Frameworks */,
				D6C208D41FCFB56200B826AC /* Resources */,
			);
			buildRules = (
			);
			dependencies = (
			);
			name = SwiftTKJF;
			productName = SwiftTKJF;
			productReference = D6C208D61FCFB56200B826AC /* SwiftTKJF.app */;
			productType = "com.apple.product-type.application";
		};
		D6C208E91FCFB56300B826AC /* SwiftTKJFTests */ = {
			isa = PBXNativeTarget;
			buildConfigurationList = D6C209011FCFB56300B826AC /* Build configuration list for PBXNativeTarget "SwiftTKJFTests" */;
			buildPhases = (
				D6C208E61FCFB56300B826AC /* Sources */,
				D6C208E71FCFB56300B826AC /* Frameworks */,
				D6C208E81FCFB56300B826AC /* Resources */,
			);
			buildRules = (
			);
			dependencies = (
				D6C208EC1FCFB56300B826AC /* PBXTargetDependency */,
			);
			name = SwiftTKJFTests;
			productName = SwiftTKJFTests;
			productReference = D6C208EA1FCFB56300B826AC /* SwiftTKJFTests.xctest */;
			productType = "com.apple.product-type.bundle.unit-test";
		};
		D6C208F41FCFB56300B826AC /* SwiftTKJFUITests */ = {
			isa = PBXNativeTarget;
			buildConfigurationList = D6C209041FCFB56300B826AC /* Build configuration list for PBXNativeTarget "SwiftTKJFUITests" */;
			buildPhases = (
				D6C208F11FCFB56300B826AC /* Sources */,
				D6C208F21FCFB56300B826AC /* Frameworks */,
				D6C208F31FCFB56300B826AC /* Resources */,
			);
			buildRules = (
			);
			dependencies = (
				D6C208F71FCFB56300B826AC /* PBXTargetDependency */,
			);
			name = SwiftTKJFUITests;
			productName = SwiftTKJFUITests;
			productReference = D6C208F51FCFB56300B826AC /* SwiftTKJFUITests.xctest */;
			productType = "com.apple.product-type.bundle.ui-testing";
		};
/* End PBXNativeTarget section */

/* Begin PBXProject section */
		D6C208CE1FCFB56200B826AC /* Project object */ = {
			isa = PBXProject;
			attributes = {
				LastSwiftUpdateCheck = 0910;
				LastUpgradeCheck = 0910;
				ORGANIZATIONNAME = "赵宏亚";
				TargetAttributes = {
					D6C208D51FCFB56200B826AC = {
						CreatedOnToolsVersion = 9.1;
						ProvisioningStyle = Automatic;
					};
					D6C208E91FCFB56300B826AC = {
						CreatedOnToolsVersion = 9.1;
						ProvisioningStyle = Automatic;
						TestTargetID = D6C208D51FCFB56200B826AC;
					};
					D6C208F41FCFB56300B826AC = {
						CreatedOnToolsVersion = 9.1;
						ProvisioningStyle = Automatic;
						TestTargetID = D6C208D51FCFB56200B826AC;
					};
				};
			};
			buildConfigurationList = D6C208D11FCFB56200B826AC /* Build configuration list for PBXProject "SwiftTKJF" */;
			compatibilityVersion = "Xcode 8.0";
			developmentRegion = en;
			hasScannedForEncodings = 0;
			knownRegions = (
				en,
				Base,
			);
			mainGroup = D6C208CD1FCFB56200B826AC;
			productRefGroup = D6C208D71FCFB56200B826AC /* Products */;
			projectDirPath = "";
			projectRoot = "";
			targets = (
				D6C208D51FCFB56200B826AC /* SwiftTKJF */,
				D6C208E91FCFB56300B826AC /* SwiftTKJFTests */,
				D6C208F41FCFB56300B826AC /* SwiftTKJFUITests */,
			);
		};
/* End PBXProject section */

/* Begin PBXResourcesBuildPhase section */
		D6C208D41FCFB56200B826AC /* Resources */ = {
			isa = PBXResourcesBuildPhase;
			buildActionMask = 2147483647;
			files = (
				D6C208E41FCFB56300B826AC /* LaunchScreen.storyboard in Resources */,
				D6C208E11FCFB56300B826AC /* Assets.xcassets in Resources */,
				D6C208DF1FCFB56200B826AC /* Main.storyboard in Resources */,
			);
			runOnlyForDeploymentPostprocessing = 0;
		};
		D6C208E81FCFB56300B826AC /* Resources */ = {
			isa = PBXResourcesBuildPhase;
			buildActionMask = 2147483647;
			files = (
			);
			runOnlyForDeploymentPostprocessing = 0;
		};
		D6C208F31FCFB56300B826AC /* Resources */ = {
			isa = PBXResourcesBuildPhase;
			buildActionMask = 2147483647;
			files = (
			);
			runOnlyForDeploymentPostprocessing = 0;
		};
/* End PBXResourcesBuildPhase section */

/* Begin PBXSourcesBuildPhase section */
		D6C208D21FCFB56200B826AC /* Sources */ = {
			isa = PBXSourcesBuildPhase;
			buildActionMask = 2147483647;
			files = (
				D6C208DC1FCFB56200B826AC /* ViewController.swift in Sources */,
				D6C208DA1FCFB56200B826AC /* AppDelegate.swift in Sources */,
			);
			runOnlyForDeploymentPostprocessing = 0;
		};
		D6C208E61FCFB56300B826AC /* Sources */ = {
			isa = PBXSourcesBuildPhase;
			buildActionMask = 2147483647;
			files = (
				D6C208EF1FCFB56300B826AC /* SwiftTKJFTests.swift in Sources */,
			);
			runOnlyForDeploymentPostprocessing = 0;
		};
		D6C208F11FCFB56300B826AC /* Sources */ = {
			isa = PBXSourcesBuildPhase;
			buildActionMask = 2147483647;
			files = (
				D6C208FA1FCFB56300B826AC /* SwiftTKJFUITests.swift in Sources */,
			);
			runOnlyForDeploymentPostprocessing = 0;
		};
/* End PBXSourcesBuildPhase section */

/* Begin PBXTargetDependency section */
		D6C208EC1FCFB56300B826AC /* PBXTargetDependency */ = {
			isa = PBXTargetDependency;
			target = D6C208D51FCFB56200B826AC /* SwiftTKJF */;
			targetProxy = D6C208EB1FCFB56300B826AC /* PBXContainerItemProxy */;
		};
		D6C208F71FCFB56300B826AC /* PBXTargetDependency */ = {
			isa = PBXTargetDependency;
			target = D6C208D51FCFB56200B826AC /* SwiftTKJF */;
			targetProxy = D6C208F61FCFB56300B826AC /* PBXContainerItemProxy */;
		};
/* End PBXTargetDependency section */

/* Begin PBXVariantGroup section */
		D6C208DD1FCFB56200B826AC /* Main.storyboard */ = {
			isa = PBXVariantGroup;
			children = (
				D6C208DE1FCFB56200B826AC /* Base */,
			);
			name = Main.storyboard;
			sourceTree = "<group>";
		};
		D6C208E21FCFB56300B826AC /* LaunchScreen.storyboard */ = {
			isa = PBXVariantGroup;
			children = (
				D6C208E31FCFB56300B826AC /* Base */,
			);
			name = LaunchScreen.storyboard;
			sourceTree = "<group>";
		};
/* End PBXVariantGroup section */

/* Begin XCBuildConfiguration section */
		D6C208FC1FCFB56300B826AC /* Debug */ = {
			isa = XCBuildConfiguration;
			buildSettings = {
				ALWAYS_SEARCH_USER_PATHS = NO;
				CLANG_ANALYZER_NONNULL = YES;
				CLANG_ANALYZER_NUMBER_OBJECT_CONVERSION = YES_AGGRESSIVE;
				CLANG_CXX_LANGUAGE_STANDARD = "gnu++14";
				CLANG_CXX_LIBRARY = "libc++";
				CLANG_ENABLE_MODULES = YES;
				CLANG_ENABLE_OBJC_ARC = YES;
				CLANG_WARN_BLOCK_CAPTURE_AUTORELEASING = YES;
				CLANG_WARN_BOOL_CONVERSION = YES;
				CLANG_WARN_COMMA = YES;
				CLANG_WARN_CONSTANT_CONVERSION = YES;
				CLANG_WARN_DIRECT_OBJC_ISA_USAGE = YES_ERROR;
				CLANG_WARN_DOCUMENTATION_COMMENTS = YES;
				CLANG_WARN_EMPTY_BODY = YES;
				CLANG_WARN_ENUM_CONVERSION = YES;
				CLANG_WARN_INFINITE_RECURSION = YES;
				CLANG_WARN_INT_CONVERSION = YES;
				CLANG_WARN_NON_LITERAL_NULL_CONVERSION = YES;
				CLANG_WARN_OBJC_LITERAL_CONVERSION = YES;
				CLANG_WARN_OBJC_ROOT_CLASS = YES_ERROR;
				CLANG_WARN_RANGE_LOOP_ANALYSIS = YES;
				CLANG_WARN_STRICT_PROTOTYPES = YES;
				CLANG_WARN_SUSPICIOUS_MOVE = YES;
				CLANG_WARN_UNGUARDED_AVAILABILITY = YES_AGGRESSIVE;
				CLANG_WARN_UNREACHABLE_CODE = YES;
				CLANG_WARN__DUPLICATE_METHOD_MATCH = YES;
				CODE_SIGN_IDENTITY = "iPhone Developer";
				COPY_PHASE_STRIP = NO;
				DEBUG_INFORMATION_FORMAT = dwarf;
				ENABLE_STRICT_OBJC_MSGSEND = YES;
				ENABLE_TESTABILITY = YES;
				GCC_C_LANGUAGE_STANDARD = gnu11;
				GCC_DYNAMIC_NO_PIC = NO;
				GCC_NO_COMMON_BLOCKS = YES;
				GCC_OPTIMIZATION_LEVEL = 0;
				GCC_PREPROCESSOR_DEFINITIONS = (
					"DEBUG=1",
					"$(inherited)",
				);
				GCC_WARN_64_TO_32_BIT_CONVERSION = YES;
				GCC_WARN_ABOUT_RETURN_TYPE = YES_ERROR;
				GCC_WARN_UNDECLARED_SELECTOR = YES;
				GCC_WARN_UNINITIALIZED_AUTOS = YES_AGGRESSIVE;
				GCC_WARN_UNUSED_FUNCTION = YES;
				GCC_WARN_UNUSED_VARIABLE = YES;
				IPHONEOS_DEPLOYMENT_TARGET = 11.1;
				MTL_ENABLE_DEBUG_INFO = YES;
				ONLY_ACTIVE_ARCH = YES;
				SDKROOT = iphoneos;
				SWIFT_ACTIVE_COMPILATION_CONDITIONS = DEBUG;
				SWIFT_OPTIMIZATION_LEVEL = "-Onone";
			};
			name = Debug;
		};
		D6C208FD1FCFB56300B826AC /* Release */ = {
			isa = XCBuildConfiguration;
			buildSettings = {
				ALWAYS_SEARCH_USER_PATHS = NO;
				CLANG_ANALYZER_NONNULL = YES;
				CLANG_ANALYZER_NUMBER_OBJECT_CONVERSION = YES_AGGRESSIVE;
				CLANG_CXX_LANGUAGE_STANDARD = "gnu++14";
				CLANG_CXX_LIBRARY = "libc++";
				CLANG_ENABLE_MODULES = YES;
				CLANG_ENABLE_OBJC_ARC = YES;
				CLANG_WARN_BLOCK_CAPTURE_AUTORELEASING = YES;
				CLANG_WARN_BOOL_CONVERSION = YES;
				CLANG_WARN_COMMA = YES;
				CLANG_WARN_CONSTANT_CONVERSION = YES;
				CLANG_WARN_DIRECT_OBJC_ISA_USAGE = YES_ERROR;
				CLANG_WARN_DOCUMENTATION_COMMENTS = YES;
				CLANG_WARN_EMPTY_BODY = YES;
				CLANG_WARN_ENUM_CONVERSION = YES;
				CLANG_WARN_INFINITE_RECURSION = YES;
				CLANG_WARN_INT_CONVERSION = YES;
				CLANG_WARN_NON_LITERAL_NULL_CONVERSION = YES;
				CLANG_WARN_OBJC_LITERAL_CONVERSION = YES;
				CLANG_WARN_OBJC_ROOT_CLASS = YES_ERROR;
				CLANG_WARN_RANGE_LOOP_ANALYSIS = YES;
				CLANG_WARN_STRICT_PROTOTYPES = YES;
				CLANG_WARN_SUSPICIOUS_MOVE = YES;
				CLANG_WARN_UNGUARDED_AVAILABILITY = YES_AGGRESSIVE;
				CLANG_WARN_UNREACHABLE_CODE = YES;
				CLANG_WARN__DUPLICATE_METHOD_MATCH = YES;
				CODE_SIGN_IDENTITY = "iPhone Developer";
				COPY_PHASE_STRIP = NO;
				DEBUG_INFORMATION_FORMAT = "dwarf-with-dsym";
				ENABLE_NS_ASSERTIONS = NO;
				ENABLE_STRICT_OBJC_MSGSEND = YES;
				GCC_C_LANGUAGE_STANDARD = gnu11;
				GCC_NO_COMMON_BLOCKS = YES;
				GCC_WARN_64_TO_32_BIT_CONVERSION = YES;
				GCC_WARN_ABOUT_RETURN_TYPE = YES_ERROR;
				GCC_WARN_UNDECLARED_SELECTOR = YES;
				GCC_WARN_UNINITIALIZED_AUTOS = YES_AGGRESSIVE;
				GCC_WARN_UNUSED_FUNCTION = YES;
				GCC_WARN_UNUSED_VARIABLE = YES;
				IPHONEOS_DEPLOYMENT_TARGET = 11.1;
				MTL_ENABLE_DEBUG_INFO = NO;
				SDKROOT = iphoneos;
				SWIFT_OPTIMIZATION_LEVEL = "-Owholemodule";
				VALIDATE_PRODUCT = YES;
			};
			name = Release;
		};
		D6C208FF1FCFB56300B826AC /* Debug */ = {
			isa = XCBuildConfiguration;
			buildSettings = {
				ASSETCATALOG_COMPILER_APPICON_NAME = AppIcon;
				CODE_SIGN_STYLE = Automatic;
				DEVELOPMENT_TEAM = GM2EX5ALF4;
				INFOPLIST_FILE = SwiftTKJF/Info.plist;
				LD_RUNPATH_SEARCH_PATHS = "$(inherited) @executable_path/Frameworks";
				PRODUCT_BUNDLE_IDENTIFIER = zhaohongya.SwiftTKJF;
				PRODUCT_NAME = "$(TARGET_NAME)";
				SWIFT_VERSION = 4.0;
				TARGETED_DEVICE_FAMILY = "1,2";
			};
			name = Debug;
		};
		D6C209001FCFB56300B826AC /* Release */ = {
			isa = XCBuildConfiguration;
			buildSettings = {
				ASSETCATALOG_COMPILER_APPICON_NAME = AppIcon;
				CODE_SIGN_STYLE = Automatic;
				DEVELOPMENT_TEAM = GM2EX5ALF4;
				INFOPLIST_FILE = SwiftTKJF/Info.plist;
				LD_RUNPATH_SEARCH_PATHS = "$(inherited) @executable_path/Frameworks";
				PRODUCT_BUNDLE_IDENTIFIER = zhaohongya.SwiftTKJF;
				PRODUCT_NAME = "$(TARGET_NAME)";
				SWIFT_VERSION = 4.0;
				TARGETED_DEVICE_FAMILY = "1,2";
			};
			name = Release;
		};
		D6C209021FCFB56300B826AC /* Debug */ = {
			isa = XCBuildConfiguration;
			buildSettings = {
				ALWAYS_EMBED_SWIFT_STANDARD_LIBRARIES = YES;
				BUNDLE_LOADER = "$(TEST_HOST)";
				CODE_SIGN_STYLE = Automatic;
				DEVELOPMENT_TEAM = GM2EX5ALF4;
				INFOPLIST_FILE = SwiftTKJFTests/Info.plist;
				LD_RUNPATH_SEARCH_PATHS = "$(inherited) @executable_path/Frameworks @loader_path/Frameworks";
				PRODUCT_BUNDLE_IDENTIFIER = zhaohongya.SwiftTKJFTests;
				PRODUCT_NAME = "$(TARGET_NAME)";
				SWIFT_VERSION = 4.0;
				TARGETED_DEVICE_FAMILY = "1,2";
				TEST_HOST = "$(BUILT_PRODUCTS_DIR)/SwiftTKJF.app/SwiftTKJF";
			};
			name = Debug;
		};
		D6C209031FCFB56300B826AC /* Release */ = {
			isa = XCBuildConfiguration;
			buildSettings = {
				ALWAYS_EMBED_SWIFT_STANDARD_LIBRARIES = YES;
				BUNDLE_LOADER = "$(TEST_HOST)";
				CODE_SIGN_STYLE = Automatic;
				DEVELOPMENT_TEAM = GM2EX5ALF4;
				INFOPLIST_FILE = SwiftTKJFTests/Info.plist;
				LD_RUNPATH_SEARCH_PATHS = "$(inherited) @executable_path/Frameworks @loader_path/Frameworks";
				PRODUCT_BUNDLE_IDENTIFIER = zhaohongya.SwiftTKJFTests;
				PRODUCT_NAME = "$(TARGET_NAME)";
				SWIFT_VERSION = 4.0;
				TARGETED_DEVICE_FAMILY = "1,2";
				TEST_HOST = "$(BUILT_PRODUCTS_DIR)/SwiftTKJF.app/SwiftTKJF";
			};
			name = Release;
		};
		D6C209051FCFB56300B826AC /* Debug */ = {
			isa = XCBuildConfiguration;
			buildSettings = {
				ALWAYS_EMBED_SWIFT_STANDARD_LIBRARIES = YES;
				CODE_SIGN_STYLE = Automatic;
				DEVELOPMENT_TEAM = GM2EX5ALF4;
				INFOPLIST_FILE = SwiftTKJFUITests/Info.plist;
				LD_RUNPATH_SEARCH_PATHS = "$(inherited) @executable_path/Frameworks @loader_path/Frameworks";
				PRODUCT_BUNDLE_IDENTIFIER = zhaohongya.SwiftTKJFUITests;
				PRODUCT_NAME = "$(TARGET_NAME)";
				SWIFT_VERSION = 4.0;
				TARGETED_DEVICE_FAMILY = "1,2";
				TEST_TARGET_NAME = SwiftTKJF;
			};
			name = Debug;
		};
		D6C209061FCFB56300B826AC /* Release */ = {
			isa = XCBuildConfiguration;
			buildSettings = {
				ALWAYS_EMBED_SWIFT_STANDARD_LIBRARIES = YES;
				CODE_SIGN_STYLE = Automatic;
				DEVELOPMENT_TEAM = GM2EX5ALF4;
				INFOPLIST_FILE = SwiftTKJFUITests/Info.plist;
				LD_RUNPATH_SEARCH_PATHS = "$(inherited) @executable_path/Frameworks @loader_path/Frameworks";
				PRODUCT_BUNDLE_IDENTIFIER = zhaohongya.SwiftTKJFUITests;
				PRODUCT_NAME = "$(TARGET_NAME)";
				SWIFT_VERSION = 4.0;
				TARGETED_DEVICE_FAMILY = "1,2";
				TEST_TARGET_NAME = SwiftTKJF;
			};
			name = Release;
		};
/* End XCBuildConfiguration section */

/* Begin XCConfigurationList section */
		D6C208D11FCFB56200B826AC /* Build configuration list for PBXProject "SwiftTKJF" */ = {
			isa = XCConfigurationList;
			buildConfigurations = (
				D6C208FC1FCFB56300B826AC /* Debug */,
				D6C208FD1FCFB56300B826AC /* Release */,
			);
			defaultConfigurationIsVisible = 0;
			defaultConfigurationName = Release;
		};
		D6C208FE1FCFB56300B826AC /* Build configuration list for PBXNativeTarget "SwiftTKJF" */ = {
			isa = XCConfigurationList;
			buildConfigurations = (
				D6C208FF1FCFB56300B826AC /* Debug */,
				D6C209001FCFB56300B826AC /* Release */,
			);
			defaultConfigurationIsVisible = 0;
			defaultConfigurationName = Release;
		};
		D6C209011FCFB56300B826AC /* Build configuration list for PBXNativeTarget "SwiftTKJFTests" */ = {
			isa = XCConfigurationList;
			buildConfigurations = (
				D6C209021FCFB56300B826AC /* Debug */,
				D6C209031FCFB56300B826AC /* Release */,
			);
			defaultConfigurationIsVisible = 0;
			defaultConfigurationName = Release;
		};
		D6C209041FCFB56300B826AC /* Build configuration list for PBXNativeTarget "SwiftTKJFUITests" */ = {
			isa = XCConfigurationList;
			buildConfigurations = (
				D6C209051FCFB56300B826AC /* Debug */,
				D6C209061FCFB56300B826AC /* Release */,
			);
			defaultConfigurationIsVisible = 0;
			defaultConfigurationName = Release;
		};
/* End XCConfigurationList section */
	};
	rootObject = D6C208CE1FCFB56200B826AC /* Project object */;
}
